// !$*UTF8*$!
{
	archiveVersion = 1;
	classes = {
	};
	objectVersion = 56;
	objects = {

/* Begin PBXBuildFile section */
		D61204BB2AEA1EE80001A2A3 /* CoreDataExampleApp.swift in Sources */ = {isa = PBXBuildFile; fileRef = D61204BA2AEA1EE80001A2A3 /* CoreDataExampleApp.swift */; };
		D61204BD2AEA1EE80001A2A3 /* ContentView.swift in Sources */ = {isa = PBXBuildFile; fileRef = D61204BC2AEA1EE80001A2A3 /* ContentView.swift */; };
		D61204BF2AEA1EE90001A2A3 /* Assets.xcassets in Resources */ = {isa = PBXBuildFile; fileRef = D61204BE2AEA1EE90001A2A3 /* Assets.xcassets */; };
		D61204C22AEA1EE90001A2A3 /* Preview Assets.xcassets in Resources */ = {isa = PBXBuildFile; fileRef = D61204C12AEA1EE90001A2A3 /* Preview Assets.xcassets */; };
		D61204D22AEA20280001A2A3 /* Model.xcdatamodeld in Sources */ = {isa = PBXBuildFile; fileRef = D61204D02AEA20280001A2A3 /* Model.xcdatamodeld */; };
		D61204D52AEA208B0001A2A3 /* Memo+CoreDataClass.swift in Sources */ = {isa = PBXBuildFile; fileRef = D61204D32AEA208B0001A2A3 /* Memo+CoreDataClass.swift */; };
		D61204D62AEA208B0001A2A3 /* Memo+CoreDataProperties.swift in Sources */ = {isa = PBXBuildFile; fileRef = D61204D42AEA208B0001A2A3 /* Memo+CoreDataProperties.swift */; };
		D61204D82AEA20C70001A2A3 /* ContentViewModel.swift in Sources */ = {isa = PBXBuildFile; fileRef = D61204D72AEA20C70001A2A3 /* ContentViewModel.swift */; };
		D61204DA2AEA20D50001A2A3 /* CoreDataDB.swift in Sources */ = {isa = PBXBuildFile; fileRef = D61204D92AEA20D50001A2A3 /* CoreDataDB.swift */; };
		D61204DC2AEA20E20001A2A3 /* Entity.swift in Sources */ = {isa = PBXBuildFile; fileRef = D61204DB2AEA20E20001A2A3 /* Entity.swift */; };
		D61204DE2AEA20F60001A2A3 /* MemoRepository.swift in Sources */ = {isa = PBXBuildFile; fileRef = D61204DD2AEA20F60001A2A3 /* MemoRepository.swift */; };
		D61204E02AEA21120001A2A3 /* SelfReturnable.swift in Sources */ = {isa = PBXBuildFile; fileRef = D61204DF2AEA21120001A2A3 /* SelfReturnable.swift */; };
		D61204E92AEA35B40001A2A3 /* Model.xcmappingmodel in Sources */ = {isa = PBXBuildFile; fileRef = D61204E82AEA35B40001A2A3 /* Model.xcmappingmodel */; };
		D61204EC2AEA3BA20001A2A3 /* MightyCombine in Frameworks */ = {isa = PBXBuildFile; productRef = D61204EB2AEA3BA20001A2A3 /* MightyCombine */; };
		D61204EE2AEA3BA20001A2A3 /* MightySwift in Frameworks */ = {isa = PBXBuildFile; productRef = D61204ED2AEA3BA20001A2A3 /* MightySwift */; };
/* End PBXBuildFile section */

/* Begin PBXFileReference section */
		D61204B72AEA1EE80001A2A3 /* CoreDataExample.app */ = {isa = PBXFileReference; explicitFileType = wrapper.application; includeInIndex = 0; path = CoreDataExample.app; sourceTree = BUILT_PRODUCTS_DIR; };
		D61204BA2AEA1EE80001A2A3 /* CoreDataExampleApp.swift */ = {isa = PBXFileReference; lastKnownFileType = sourcecode.swift; path = CoreDataExampleApp.swift; sourceTree = "<group>"; };
		D61204BC2AEA1EE80001A2A3 /* ContentView.swift */ = {isa = PBXFileReference; lastKnownFileType = sourcecode.swift; path = ContentView.swift; sourceTree = "<group>"; };
		D61204BE2AEA1EE90001A2A3 /* Assets.xcassets */ = {isa = PBXFileReference; lastKnownFileType = folder.assetcatalog; path = Assets.xcassets; sourceTree = "<group>"; };
		D61204C12AEA1EE90001A2A3 /* Preview Assets.xcassets */ = {isa = PBXFileReference; lastKnownFileType = folder.assetcatalog; path = "Preview Assets.xcassets"; sourceTree = "<group>"; };
		D61204D12AEA20280001A2A3 /* Model.xcdatamodel */ = {isa = PBXFileReference; lastKnownFileType = wrapper.xcdatamodel; path = Model.xcdatamodel; sourceTree = "<group>"; };
		D61204D32AEA208B0001A2A3 /* Memo+CoreDataClass.swift */ = {isa = PBXFileReference; lastKnownFileType = sourcecode.swift; path = "Memo+CoreDataClass.swift"; sourceTree = "<group>"; };
		D61204D42AEA208B0001A2A3 /* Memo+CoreDataProperties.swift */ = {isa = PBXFileReference; lastKnownFileType = sourcecode.swift; path = "Memo+CoreDataProperties.swift"; sourceTree = "<group>"; };
		D61204D72AEA20C70001A2A3 /* ContentViewModel.swift */ = {isa = PBXFileReference; lastKnownFileType = sourcecode.swift; path = ContentViewModel.swift; sourceTree = "<group>"; };
		D61204D92AEA20D50001A2A3 /* CoreDataDB.swift */ = {isa = PBXFileReference; lastKnownFileType = sourcecode.swift; path = CoreDataDB.swift; sourceTree = "<group>"; };
		D61204DB2AEA20E20001A2A3 /* Entity.swift */ = {isa = PBXFileReference; lastKnownFileType = sourcecode.swift; path = Entity.swift; sourceTree = "<group>"; };
		D61204DD2AEA20F60001A2A3 /* MemoRepository.swift */ = {isa = PBXFileReference; lastKnownFileType = sourcecode.swift; path = MemoRepository.swift; sourceTree = "<group>"; };
		D61204DF2AEA21120001A2A3 /* SelfReturnable.swift */ = {isa = PBXFileReference; lastKnownFileType = sourcecode.swift; path = SelfReturnable.swift; sourceTree = "<group>"; };
		D61204E72AEA35650001A2A3 /* Model 2.xcdatamodel */ = {isa = PBXFileReference; lastKnownFileType = wrapper.xcdatamodel; path = "Model 2.xcdatamodel"; sourceTree = "<group>"; };
		D61204E82AEA35B40001A2A3 /* Model.xcmappingmodel */ = {isa = PBXFileReference; lastKnownFileType = wrapper.xcmappingmodel; path = Model.xcmappingmodel; sourceTree = "<group>"; };
/* End PBXFileReference section */

/* Begin PBXFrameworksBuildPhase section */
		D61204B42AEA1EE80001A2A3 /* Frameworks */ = {
			isa = PBXFrameworksBuildPhase;
			buildActionMask = 2147483647;
			files = (
				D61204EE2AEA3BA20001A2A3 /* MightySwift in Frameworks */,
				D61204EC2AEA3BA20001A2A3 /* MightyCombine in Frameworks */,
			);
			runOnlyForDeploymentPostprocessing = 0;
		};
/* End PBXFrameworksBuildPhase section */

/* Begin PBXGroup section */
		D61204AE2AEA1EE80001A2A3 = {
			isa = PBXGroup;
			children = (
				D61204B92AEA1EE80001A2A3 /* CoreDataExample */,
				D61204B82AEA1EE80001A2A3 /* Products */,
			);
			sourceTree = "<group>";
		};
		D61204B82AEA1EE80001A2A3 /* Products */ = {
			isa = PBXGroup;
			children = (
				D61204B72AEA1EE80001A2A3 /* CoreDataExample.app */,
			);
			name = Products;
			sourceTree = "<group>";
		};
		D61204B92AEA1EE80001A2A3 /* CoreDataExample */ = {
			isa = PBXGroup;
			children = (
				D61204D92AEA20D50001A2A3 /* CoreDataDB.swift */,
				D61204F02AEA3CFD0001A2A3 /* Util */,
				D61204F12AEA3D080001A2A3 /* ViewModel */,
				D61204EF2AEA3CE40001A2A3 /* Repository */,
				D61204CF2AEA1F3B0001A2A3 /* DTO */,
				D61204BA2AEA1EE80001A2A3 /* CoreDataExampleApp.swift */,
				D61204BC2AEA1EE80001A2A3 /* ContentView.swift */,
				D61204BE2AEA1EE90001A2A3 /* Assets.xcassets */,
				D61204C02AEA1EE90001A2A3 /* Preview Content */,
				D61204D02AEA20280001A2A3 /* Model.xcdatamodeld */,
				D61204E82AEA35B40001A2A3 /* Model.xcmappingmodel */,
			);
			path = CoreDataExample;
			sourceTree = "<group>";
		};
		D61204C02AEA1EE90001A2A3 /* Preview Content */ = {
			isa = PBXGroup;
			children = (
				D61204C12AEA1EE90001A2A3 /* Preview Assets.xcassets */,
			);
			path = "Preview Content";
			sourceTree = "<group>";
		};
		D61204CF2AEA1F3B0001A2A3 /* DTO */ = {
			isa = PBXGroup;
			children = (
				D61204D32AEA208B0001A2A3 /* Memo+CoreDataClass.swift */,
				D61204D42AEA208B0001A2A3 /* Memo+CoreDataProperties.swift */,
			);
			path = DTO;
			sourceTree = "<group>";
		};
		D61204EF2AEA3CE40001A2A3 /* Repository */ = {
			isa = PBXGroup;
			children = (
				D61204DD2AEA20F60001A2A3 /* MemoRepository.swift */,
				D61204DB2AEA20E20001A2A3 /* Entity.swift */,
			);
			path = Repository;
			sourceTree = "<group>";
		};
		D61204F02AEA3CFD0001A2A3 /* Util */ = {
			isa = PBXGroup;
			children = (
				D61204DF2AEA21120001A2A3 /* SelfReturnable.swift */,
			);
			path = Util;
			sourceTree = "<group>";
		};
		D61204F12AEA3D080001A2A3 /* ViewModel */ = {
			isa = PBXGroup;
			children = (
				D61204D72AEA20C70001A2A3 /* ContentViewModel.swift */,
			);
			path = ViewModel;
			sourceTree = "<group>";
		};
/* End PBXGroup section */

/* Begin PBXNativeTarget section */
		D61204B62AEA1EE80001A2A3 /* CoreDataExample */ = {
			isa = PBXNativeTarget;
			buildConfigurationList = D61204C52AEA1EE90001A2A3 /* Build configuration list for PBXNativeTarget "CoreDataExample" */;
			buildPhases = (
				D61204B32AEA1EE80001A2A3 /* Sources */,
				D61204B42AEA1EE80001A2A3 /* Frameworks */,
				D61204B52AEA1EE80001A2A3 /* Resources */,
			);
			buildRules = (
			);
			dependencies = (
			);
			name = CoreDataExample;
			packageProductDependencies = (
				D61204EB2AEA3BA20001A2A3 /* MightyCombine */,
				D61204ED2AEA3BA20001A2A3 /* MightySwift */,
			);
			productName = CoreDataExample;
			productReference = D61204B72AEA1EE80001A2A3 /* CoreDataExample.app */;
			productType = "com.apple.product-type.application";
		};
/* End PBXNativeTarget section */

/* Begin PBXProject section */
		D61204AF2AEA1EE80001A2A3 /* Project object */ = {
			isa = PBXProject;
			attributes = {
				BuildIndependentTargetsInParallel = 1;
				LastSwiftUpdateCheck = 1500;
				LastUpgradeCheck = 1500;
				TargetAttributes = {
					D61204B62AEA1EE80001A2A3 = {
						CreatedOnToolsVersion = 15.0;
					};
				};
			};
			buildConfigurationList = D61204B22AEA1EE80001A2A3 /* Build configuration list for PBXProject "CoreDataExample" */;
			compatibilityVersion = "Xcode 14.0";
			developmentRegion = en;
			hasScannedForEncodings = 0;
			knownRegions = (
				en,
				Base,
			);
			mainGroup = D61204AE2AEA1EE80001A2A3;
			packageReferences = (
				D61204EA2AEA3BA20001A2A3 /* XCRemoteSwiftPackageReference "MightyCombine" */,
			);
			productRefGroup = D61204B82AEA1EE80001A2A3 /* Products */;
			projectDirPath = "";
			projectRoot = "";
			targets = (
				D61204B62AEA1EE80001A2A3 /* CoreDataExample */,
			);
		};
/* End PBXProject section */

/* Begin PBXResourcesBuildPhase section */
		D61204B52AEA1EE80001A2A3 /* Resources */ = {
			isa = PBXResourcesBuildPhase;
			buildActionMask = 2147483647;
			files = (
				D61204C22AEA1EE90001A2A3 /* Preview Assets.xcassets in Resources */,
				D61204BF2AEA1EE90001A2A3 /* Assets.xcassets in Resources */,
			);
			runOnlyForDeploymentPostprocessing = 0;
		};
/* End PBXResourcesBuildPhase section */

/* Begin PBXSourcesBuildPhase section */
		D61204B32AEA1EE80001A2A3 /* Sources */ = {
			isa = PBXSourcesBuildPhase;
			buildActionMask = 2147483647;
			files = (
				D61204BD2AEA1EE80001A2A3 /* ContentView.swift in Sources */,
				D61204DE2AEA20F60001A2A3 /* MemoRepository.swift in Sources */,
				D61204D52AEA208B0001A2A3 /* Memo+CoreDataClass.swift in Sources */,
				D61204E02AEA21120001A2A3 /* SelfReturnable.swift in Sources */,
				D61204DA2AEA20D50001A2A3 /* CoreDataDB.swift in Sources */,
				D61204D82AEA20C70001A2A3 /* ContentViewModel.swift in Sources */,
				D61204DC2AEA20E20001A2A3 /* Entity.swift in Sources */,
				D61204BB2AEA1EE80001A2A3 /* CoreDataExampleApp.swift in Sources */,
				D61204E92AEA35B40001A2A3 /* Model.xcmappingmodel in Sources */,
				D61204D62AEA208B0001A2A3 /* Memo+CoreDataProperties.swift in Sources */,
				D61204D22AEA20280001A2A3 /* Model.xcdatamodeld in Sources */,
			);
			runOnlyForDeploymentPostprocessing = 0;
		};
/* End PBXSourcesBuildPhase section */

/* Begin XCBuildConfiguration section */
		D61204C32AEA1EE90001A2A3 /* Debug */ = {
			isa = XCBuildConfiguration;
			buildSettings = {
				ALWAYS_SEARCH_USER_PATHS = NO;
				ASSETCATALOG_COMPILER_GENERATE_SWIFT_ASSET_SYMBOL_EXTENSIONS = YES;
				CLANG_ANALYZER_NONNULL = YES;
				CLANG_ANALYZER_NUMBER_OBJECT_CONVERSION = YES_AGGRESSIVE;
				CLANG_CXX_LANGUAGE_STANDARD = "gnu++20";
				CLANG_ENABLE_MODULES = YES;
				CLANG_ENABLE_OBJC_ARC = YES;
				CLANG_ENABLE_OBJC_WEAK = YES;
				CLANG_WARN_BLOCK_CAPTURE_AUTORELEASING = YES;
				CLANG_WARN_BOOL_CONVERSION = YES;
				CLANG_WARN_COMMA = YES;
				CLANG_WARN_CONSTANT_CONVERSION = YES;
				CLANG_WARN_DEPRECATED_OBJC_IMPLEMENTATIONS = YES;
				CLANG_WARN_DIRECT_OBJC_ISA_USAGE = YES_ERROR;
				CLANG_WARN_DOCUMENTATION_COMMENTS = YES;
				CLANG_WARN_EMPTY_BODY = YES;
				CLANG_WARN_ENUM_CONVERSION = YES;
				CLANG_WARN_INFINITE_RECURSION = YES;
				CLANG_WARN_INT_CONVERSION = YES;
				CLANG_WARN_NON_LITERAL_NULL_CONVERSION = YES;
				CLANG_WARN_OBJC_IMPLICIT_RETAIN_SELF = YES;
				CLANG_WARN_OBJC_LITERAL_CONVERSION = YES;
				CLANG_WARN_OBJC_ROOT_CLASS = YES_ERROR;
				CLANG_WARN_QUOTED_INCLUDE_IN_FRAMEWORK_HEADER = YES;
				CLANG_WARN_RANGE_LOOP_ANALYSIS = YES;
				CLANG_WARN_STRICT_PROTOTYPES = YES;
				CLANG_WARN_SUSPICIOUS_MOVE = YES;
				CLANG_WARN_UNGUARDED_AVAILABILITY = YES_AGGRESSIVE;
				CLANG_WARN_UNREACHABLE_CODE = YES;
				CLANG_WARN__DUPLICATE_METHOD_MATCH = YES;
				COPY_PHASE_STRIP = NO;
				DEBUG_INFORMATION_FORMAT = dwarf;
				ENABLE_STRICT_OBJC_MSGSEND = YES;
				ENABLE_TESTABILITY = YES;
				ENABLE_USER_SCRIPT_SANDBOXING = YES;
				GCC_C_LANGUAGE_STANDARD = gnu17;
				GCC_DYNAMIC_NO_PIC = NO;
				GCC_NO_COMMON_BLOCKS = YES;
				GCC_OPTIMIZATION_LEVEL = 0;
				GCC_PREPROCESSOR_DEFINITIONS = (
					"DEBUG=1",
					"$(inherited)",
				);
				GCC_WARN_64_TO_32_BIT_CONVERSION = YES;
				GCC_WARN_ABOUT_RETURN_TYPE = YES_ERROR;
				GCC_WARN_UNDECLARED_SELECTOR = YES;
				GCC_WARN_UNINITIALIZED_AUTOS = YES_AGGRESSIVE;
				GCC_WARN_UNUSED_FUNCTION = YES;
				GCC_WARN_UNUSED_VARIABLE = YES;
				IPHONEOS_DEPLOYMENT_TARGET = 17.0;
				LOCALIZATION_PREFERS_STRING_CATALOGS = YES;
				MTL_ENABLE_DEBUG_INFO = INCLUDE_SOURCE;
				MTL_FAST_MATH = YES;
				ONLY_ACTIVE_ARCH = YES;
				SDKROOT = iphoneos;
				SWIFT_ACTIVE_COMPILATION_CONDITIONS = "DEBUG $(inherited)";
				SWIFT_OPTIMIZATION_LEVEL = "-Onone";
			};
			name = Debug;
		};
		D61204C42AEA1EE90001A2A3 /* Release */ = {
			isa = XCBuildConfiguration;
			buildSettings = {
				ALWAYS_SEARCH_USER_PATHS = NO;
				ASSETCATALOG_COMPILER_GENERATE_SWIFT_ASSET_SYMBOL_EXTENSIONS = YES;
				CLANG_ANALYZER_NONNULL = YES;
				CLANG_ANALYZER_NUMBER_OBJECT_CONVERSION = YES_AGGRESSIVE;
				CLANG_CXX_LANGUAGE_STANDARD = "gnu++20";
				CLANG_ENABLE_MODULES = YES;
				CLANG_ENABLE_OBJC_ARC = YES;
				CLANG_ENABLE_OBJC_WEAK = YES;
				CLANG_WARN_BLOCK_CAPTURE_AUTORELEASING = YES;
				CLANG_WARN_BOOL_CONVERSION = YES;
				CLANG_WARN_COMMA = YES;
				CLANG_WARN_CONSTANT_CONVERSION = YES;
				CLANG_WARN_DEPRECATED_OBJC_IMPLEMENTATIONS = YES;
				CLANG_WARN_DIRECT_OBJC_ISA_USAGE = YES_ERROR;
				CLANG_WARN_DOCUMENTATION_COMMENTS = YES;
				CLANG_WARN_EMPTY_BODY = YES;
				CLANG_WARN_ENUM_CONVERSION = YES;
				CLANG_WARN_INFINITE_RECURSION = YES;
				CLANG_WARN_INT_CONVERSION = YES;
				CLANG_WARN_NON_LITERAL_NULL_CONVERSION = YES;
				CLANG_WARN_OBJC_IMPLICIT_RETAIN_SELF = YES;
				CLANG_WARN_OBJC_LITERAL_CONVERSION = YES;
				CLANG_WARN_OBJC_ROOT_CLASS = YES_ERROR;
				CLANG_WARN_QUOTED_INCLUDE_IN_FRAMEWORK_HEADER = YES;
				CLANG_WARN_RANGE_LOOP_ANALYSIS = YES;
				CLANG_WARN_STRICT_PROTOTYPES = YES;
				CLANG_WARN_SUSPICIOUS_MOVE = YES;
				CLANG_WARN_UNGUARDED_AVAILABILITY = YES_AGGRESSIVE;
				CLANG_WARN_UNREACHABLE_CODE = YES;
				CLANG_WARN__DUPLICATE_METHOD_MATCH = YES;
				COPY_PHASE_STRIP = NO;
				DEBUG_INFORMATION_FORMAT = "dwarf-with-dsym";
				ENABLE_NS_ASSERTIONS = NO;
				ENABLE_STRICT_OBJC_MSGSEND = YES;
				ENABLE_USER_SCRIPT_SANDBOXING = YES;
				GCC_C_LANGUAGE_STANDARD = gnu17;
				GCC_NO_COMMON_BLOCKS = YES;
				GCC_WARN_64_TO_32_BIT_CONVERSION = YES;
				GCC_WARN_ABOUT_RETURN_TYPE = YES_ERROR;
				GCC_WARN_UNDECLARED_SELECTOR = YES;
				GCC_WARN_UNINITIALIZED_AUTOS = YES_AGGRESSIVE;
				GCC_WARN_UNUSED_FUNCTION = YES;
				GCC_WARN_UNUSED_VARIABLE = YES;
				IPHONEOS_DEPLOYMENT_TARGET = 17.0;
				LOCALIZATION_PREFERS_STRING_CATALOGS = YES;
				MTL_ENABLE_DEBUG_INFO = NO;
				MTL_FAST_MATH = YES;
				SDKROOT = iphoneos;
				SWIFT_COMPILATION_MODE = wholemodule;
				VALIDATE_PRODUCT = YES;
			};
			name = Release;
		};
		D61204C62AEA1EE90001A2A3 /* Debug */ = {
			isa = XCBuildConfiguration;
			buildSettings = {
				ASSETCATALOG_COMPILER_APPICON_NAME = AppIcon;
				ASSETCATALOG_COMPILER_GLOBAL_ACCENT_COLOR_NAME = AccentColor;
				CODE_SIGN_STYLE = Automatic;
				CURRENT_PROJECT_VERSION = 1;
				DEVELOPMENT_ASSET_PATHS = "\"CoreDataExample/Preview Content\"";
				DEVELOPMENT_TEAM = 2YJXRFH75A;
				ENABLE_PREVIEWS = YES;
				GENERATE_INFOPLIST_FILE = YES;
				INFOPLIST_KEY_UIApplicationSceneManifest_Generation = YES;
				INFOPLIST_KEY_UIApplicationSupportsIndirectInputEvents = YES;
				INFOPLIST_KEY_UILaunchScreen_Generation = YES;
				INFOPLIST_KEY_UISupportedInterfaceOrientations_iPad = "UIInterfaceOrientationPortrait UIInterfaceOrientationPortraitUpsideDown UIInterfaceOrientationLandscapeLeft UIInterfaceOrientationLandscapeRight";
				INFOPLIST_KEY_UISupportedInterfaceOrientations_iPhone = "UIInterfaceOrientationPortrait UIInterfaceOrientationLandscapeLeft UIInterfaceOrientationLandscapeRight";
				LD_RUNPATH_SEARCH_PATHS = (
					"$(inherited)",
					"@executable_path/Frameworks",
				);
				MARKETING_VERSION = 1.0;
				PRODUCT_BUNDLE_IDENTIFIER = com.sunny.CoreDataExample;
				PRODUCT_NAME = "$(TARGET_NAME)";
				SWIFT_EMIT_LOC_STRINGS = YES;
				SWIFT_VERSION = 5.0;
				TARGETED_DEVICE_FAMILY = "1,2";
			};
			name = Debug;
		};
		D61204C72AEA1EE90001A2A3 /* Release */ = {
			isa = XCBuildConfiguration;
			buildSettings = {
				ASSETCATALOG_COMPILER_APPICON_NAME = AppIcon;
				ASSETCATALOG_COMPILER_GLOBAL_ACCENT_COLOR_NAME = AccentColor;
				CODE_SIGN_STYLE = Automatic;
				CURRENT_PROJECT_VERSION = 1;
				DEVELOPMENT_ASSET_PATHS = "\"CoreDataExample/Preview Content\"";
				DEVELOPMENT_TEAM = 2YJXRFH75A;
				ENABLE_PREVIEWS = YES;
				GENERATE_INFOPLIST_FILE = YES;
				INFOPLIST_KEY_UIApplicationSceneManifest_Generation = YES;
				INFOPLIST_KEY_UIApplicationSupportsIndirectInputEvents = YES;
				INFOPLIST_KEY_UILaunchScreen_Generation = YES;
				INFOPLIST_KEY_UISupportedInterfaceOrientations_iPad = "UIInterfaceOrientationPortrait UIInterfaceOrientationPortraitUpsideDown UIInterfaceOrientationLandscapeLeft UIInterfaceOrientationLandscapeRight";
				INFOPLIST_KEY_UISupportedInterfaceOrientations_iPhone = "UIInterfaceOrientationPortrait UIInterfaceOrientationLandscapeLeft UIInterfaceOrientationLandscapeRight";
				LD_RUNPATH_SEARCH_PATHS = (
					"$(inherited)",
					"@executable_path/Frameworks",
				);
				MARKETING_VERSION = 1.0;
				PRODUCT_BUNDLE_IDENTIFIER = com.sunny.CoreDataExample;
				PRODUCT_NAME = "$(TARGET_NAME)";
				SWIFT_EMIT_LOC_STRINGS = YES;
				SWIFT_VERSION = 5.0;
				TARGETED_DEVICE_FAMILY = "1,2";
			};
			name = Release;
		};
/* End XCBuildConfiguration section */

/* Begin XCConfigurationList section */
		D61204B22AEA1EE80001A2A3 /* Build configuration list for PBXProject "CoreDataExample" */ = {
			isa = XCConfigurationList;
			buildConfigurations = (
				D61204C32AEA1EE90001A2A3 /* Debug */,
				D61204C42AEA1EE90001A2A3 /* Release */,
			);
			defaultConfigurationIsVisible = 0;
			defaultConfigurationName = Release;
		};
		D61204C52AEA1EE90001A2A3 /* Build configuration list for PBXNativeTarget "CoreDataExample" */ = {
			isa = XCConfigurationList;
			buildConfigurations = (
				D61204C62AEA1EE90001A2A3 /* Debug */,
				D61204C72AEA1EE90001A2A3 /* Release */,
			);
			defaultConfigurationIsVisible = 0;
			defaultConfigurationName = Release;
		};
/* End XCConfigurationList section */

/* Begin XCRemoteSwiftPackageReference section */
		D61204EA2AEA3BA20001A2A3 /* XCRemoteSwiftPackageReference "MightyCombine" */ = {
			isa = XCRemoteSwiftPackageReference;
			repositoryURL = "https://github.com/MightyCombine/MightyCombine";
			requirement = {
				kind = upToNextMajorVersion;
				minimumVersion = 1.0.0;
			};
		};
/* End XCRemoteSwiftPackageReference section */

/* Begin XCSwiftPackageProductDependency section */
		D61204EB2AEA3BA20001A2A3 /* MightyCombine */ = {
			isa = XCSwiftPackageProductDependency;
			package = D61204EA2AEA3BA20001A2A3 /* XCRemoteSwiftPackageReference "MightyCombine" */;
			productName = MightyCombine;
		};
		D61204ED2AEA3BA20001A2A3 /* MightySwift */ = {
			isa = XCSwiftPackageProductDependency;
			package = D61204EA2AEA3BA20001A2A3 /* XCRemoteSwiftPackageReference "MightyCombine" */;
			productName = MightySwift;
		};
/* End XCSwiftPackageProductDependency section */

/* Begin XCVersionGroup section */
		D61204D02AEA20280001A2A3 /* Model.xcdatamodeld */ = {
			isa = XCVersionGroup;
			children = (
				D61204E72AEA35650001A2A3 /* Model 2.xcdatamodel */,
				D61204D12AEA20280001A2A3 /* Model.xcdatamodel */,
			);
			currentVersion = D61204E72AEA35650001A2A3 /* Model 2.xcdatamodel */;
			path = Model.xcdatamodeld;
			sourceTree = "<group>";
			versionGroupType = wrapper.xcdatamodel;
		};
/* End XCVersionGroup section */
	};
	rootObject = D61204AF2AEA1EE80001A2A3 /* Project object */;
}
